
Microsoft Visual Studio Solution File, Format Version 12.00
# Visual Studio 2013
VisualStudioVersion = 12.0.21005.1
MinimumVisualStudioVersion = 10.0.40219.1
Project("{9092AA53-FB77-4645-B42D-1CCCA6BD08BD}") = "BrowserQuest", "BrowserQuest.njsproj", "{F263A3EC-5028-4C5E-B3FF-DFABA716B6F9}"
EndProject
Global
	GlobalSection(SolutionConfigurationPlatforms) = preSolution
		Debug|Any CPU = Debug|Any CPU
		Release|Any CPU = Release|Any CPU
	EndGlobalSection
	GlobalSection(ProjectConfigurationPlatforms) = postSolution
		{F263A3EC-5028-4C5E-B3FF-DFABA716B6F9}.Debug|Any CPU.ActiveCfg = Debug|Any CPU
		{F263A3EC-5028-4C5E-B3FF-DFABA716B6F9}.Debug|Any CPU.Build.0 = Debug|Any CPU
		{F263A3EC-5028-4C5E-B3FF-DFABA716B6F9}.Release|Any CPU.ActiveCfg = Release|Any CPU
		{F263A3EC-5028-4C5E-B3FF-DFABA716B6F9}.Release|Any CPU.Build.0 = Release|Any CPU
	EndGlobalSection
	GlobalSection(SolutionProperties) = preSolution
		HideSolutionNode = FALSE
	EndGlobalSection
EndGlobal
